
Microsoft Visual Studio Solution File, Format Version 12.00
# Visual Studio 14
VisualStudioVersion = 14.0.25420.1
MinimumVisualStudioVersion = 10.0.40219.1
Project("{FAE04EC0-301F-11D3-BF4B-00C04F79EFBC}") = "Hemtenta_Karin_Jonsson", "Hemtenta_Karin_Jonsson\Hemtenta_Karin_Jonsson.csproj", "{6F15B8A1-95AE-4A94-95AB-3E429A9472E7}"
EndProject
Project("{FAE04EC0-301F-11D3-BF4B-00C04F79EFBC}") = "HemtentaTester", "HemtentaTester\HemtentaTester.csproj", "{FEE39587-656F-4393-A690-0CE12CC06865}"
EndProject
Global
	GlobalSection(SolutionConfigurationPlatforms) = preSolution
		Debug|Any CPU = Debug|Any CPU
		Release|Any CPU = Release|Any CPU
	EndGlobalSection
	GlobalSection(ProjectConfigurationPlatforms) = postSolution
		{6F15B8A1-95AE-4A94-95AB-3E429A9472E7}.Debug|Any CPU.ActiveCfg = Debug|Any CPU
		{6F15B8A1-95AE-4A94-95AB-3E429A9472E7}.Debug|Any CPU.Build.0 = Debug|Any CPU
		{6F15B8A1-95AE-4A94-95AB-3E429A9472E7}.Release|Any CPU.ActiveCfg = Release|Any CPU
		{6F15B8A1-95AE-4A94-95AB-3E429A9472E7}.Release|Any CPU.Build.0 = Release|Any CPU
		{FEE39587-656F-4393-A690-0CE12CC06865}.Debug|Any CPU.ActiveCfg = Debug|Any CPU
		{FEE39587-656F-4393-A690-0CE12CC06865}.Debug|Any CPU.Build.0 = Debug|Any CPU
		{FEE39587-656F-4393-A690-0CE12CC06865}.Release|Any CPU.ActiveCfg = Release|Any CPU
		{FEE39587-656F-4393-A690-0CE12CC06865}.Release|Any CPU.Build.0 = Release|Any CPU
	EndGlobalSection
	GlobalSection(SolutionProperties) = preSolution
		HideSolutionNode = FALSE
	EndGlobalSection
EndGlobal
